
Microsoft Visual Studio Solution File, Format Version 12.00
# Visual Studio Version 17
VisualStudioVersion = 17.8.34525.116
MinimumVisualStudioVersion = 10.0.40219.1
Project("{FAE04EC0-301F-11D3-BF4B-00C04F79EFBC}") = "ChatAppWebUI", "ChatAppWebUI\ChatAppWebUI.csproj", "{8C37DF8C-5F85-415E-84FF-20D9493759FC}"
EndProject
Project("{FAE04EC0-301F-11D3-BF4B-00C04F79EFBC}") = "ChatApp.Data", "ChatApp.Data\ChatApp.Data.csproj", "{B0A3FEE1-6696-4857-9253-DB9DD736DC6E}"
EndProject
Project("{FAE04EC0-301F-11D3-BF4B-00C04F79EFBC}") = "ChatApp.Services", "ChatApp.Services\ChatApp.Services.csproj", "{70D0CB5F-89A0-4767-8F38-0C99B935893A}"
EndProject
Global
	GlobalSection(SolutionConfigurationPlatforms) = preSolution
		Debug|Any CPU = Debug|Any CPU
		Release|Any CPU = Release|Any CPU
	EndGlobalSection
	GlobalSection(ProjectConfigurationPlatforms) = postSolution
		{8C37DF8C-5F85-415E-84FF-20D9493759FC}.Debug|Any CPU.ActiveCfg = Debug|Any CPU
		{8C37DF8C-5F85-415E-84FF-20D9493759FC}.Debug|Any CPU.Build.0 = Debug|Any CPU
		{8C37DF8C-5F85-415E-84FF-20D9493759FC}.Release|Any CPU.ActiveCfg = Release|Any CPU
		{8C37DF8C-5F85-415E-84FF-20D9493759FC}.Release|Any CPU.Build.0 = Release|Any CPU
		{B0A3FEE1-6696-4857-9253-DB9DD736DC6E}.Debug|Any CPU.ActiveCfg = Debug|Any CPU
		{B0A3FEE1-6696-4857-9253-DB9DD736DC6E}.Debug|Any CPU.Build.0 = Debug|Any CPU
		{B0A3FEE1-6696-4857-9253-DB9DD736DC6E}.Release|Any CPU.ActiveCfg = Release|Any CPU
		{B0A3FEE1-6696-4857-9253-DB9DD736DC6E}.Release|Any CPU.Build.0 = Release|Any CPU
		{70D0CB5F-89A0-4767-8F38-0C99B935893A}.Debug|Any CPU.ActiveCfg = Debug|Any CPU
		{70D0CB5F-89A0-4767-8F38-0C99B935893A}.Debug|Any CPU.Build.0 = Debug|Any CPU
		{70D0CB5F-89A0-4767-8F38-0C99B935893A}.Release|Any CPU.ActiveCfg = Release|Any CPU
		{70D0CB5F-89A0-4767-8F38-0C99B935893A}.Release|Any CPU.Build.0 = Release|Any CPU
	EndGlobalSection
	GlobalSection(SolutionProperties) = preSolution
		HideSolutionNode = FALSE
	EndGlobalSection
	GlobalSection(ExtensibilityGlobals) = postSolution
		SolutionGuid = {095A4D4F-6A7A-482B-8D31-CBAE48D48B43}
	EndGlobalSection
EndGlobal
